
Microsoft Visual Studio Solution File, Format Version 12.00
# Visual Studio Version 16
VisualStudioVersion = 16.0.29519.181
MinimumVisualStudioVersion = 10.0.40219.1
Project("{9A19103F-16F7-4668-BE54-9A1E7A4F7556}") = "reddit-importer", "reddit-importer.csproj", "{12DBD30C-55D0-4D5F-A3A2-DB7354E1A652}"
EndProject
Global
	GlobalSection(SolutionConfigurationPlatforms) = preSolution
		Debug|Any CPU = Debug|Any CPU
		Release|Any CPU = Release|Any CPU
	EndGlobalSection
	GlobalSection(ProjectConfigurationPlatforms) = postSolution
		{12DBD30C-55D0-4D5F-A3A2-DB7354E1A652}.Debug|Any CPU.ActiveCfg = Debug|Any CPU
		{12DBD30C-55D0-4D5F-A3A2-DB7354E1A652}.Debug|Any CPU.Build.0 = Debug|Any CPU
		{12DBD30C-55D0-4D5F-A3A2-DB7354E1A652}.Release|Any CPU.ActiveCfg = Release|Any CPU
		{12DBD30C-55D0-4D5F-A3A2-DB7354E1A652}.Release|Any CPU.Build.0 = Release|Any CPU
	EndGlobalSection
	GlobalSection(SolutionProperties) = preSolution
		HideSolutionNode = FALSE
	EndGlobalSection
	GlobalSection(ExtensibilityGlobals) = postSolution
		SolutionGuid = {203A71A9-7A70-4CAF-9159-6649C26502EE}
	EndGlobalSection
EndGlobal
